
Microsoft Visual Studio Solution File, Format Version 12.00
# Visual Studio Version 17
VisualStudioVersion = 17.0.31912.275
MinimumVisualStudioVersion = 10.0.40219.1
Project("{FAE04EC0-301F-11D3-BF4B-00C04F79EFBC}") = "01_KomodoCafe.Repository", "01_KomodoCafe_Repository\01_KomodoCafe.Repository.csproj", "{A88AD778-F661-4AD9-B660-36E158BFBC5A}"
EndProject
Project("{FAE04EC0-301F-11D3-BF4B-00C04F79EFBC}") = "01_KomodoCafe.UI", "01_KomodoCafe.UI\01_KomodoCafe.UI.csproj", "{8BCC65AB-5BE0-4BF2-B001-E4F8B9193271}"
EndProject
Project("{FAE04EC0-301F-11D3-BF4B-00C04F79EFBC}") = "04_CompanyOutings.Repository", "04_CompanyOutings\04_CompanyOutings.Repository.csproj", "{129F86D3-54BF-40B9-ABCB-2BEB5B4E8E1C}"
EndProject
Global
	GlobalSection(SolutionConfigurationPlatforms) = preSolution
		Debug|Any CPU = Debug|Any CPU
		Release|Any CPU = Release|Any CPU
	EndGlobalSection
	GlobalSection(ProjectConfigurationPlatforms) = postSolution
		{A88AD778-F661-4AD9-B660-36E158BFBC5A}.Debug|Any CPU.ActiveCfg = Debug|Any CPU
		{A88AD778-F661-4AD9-B660-36E158BFBC5A}.Debug|Any CPU.Build.0 = Debug|Any CPU
		{A88AD778-F661-4AD9-B660-36E158BFBC5A}.Release|Any CPU.ActiveCfg = Release|Any CPU
		{A88AD778-F661-4AD9-B660-36E158BFBC5A}.Release|Any CPU.Build.0 = Release|Any CPU
		{8BCC65AB-5BE0-4BF2-B001-E4F8B9193271}.Debug|Any CPU.ActiveCfg = Debug|Any CPU
		{8BCC65AB-5BE0-4BF2-B001-E4F8B9193271}.Debug|Any CPU.Build.0 = Debug|Any CPU
		{8BCC65AB-5BE0-4BF2-B001-E4F8B9193271}.Release|Any CPU.ActiveCfg = Release|Any CPU
		{8BCC65AB-5BE0-4BF2-B001-E4F8B9193271}.Release|Any CPU.Build.0 = Release|Any CPU
		{129F86D3-54BF-40B9-ABCB-2BEB5B4E8E1C}.Debug|Any CPU.ActiveCfg = Debug|Any CPU
		{129F86D3-54BF-40B9-ABCB-2BEB5B4E8E1C}.Debug|Any CPU.Build.0 = Debug|Any CPU
		{129F86D3-54BF-40B9-ABCB-2BEB5B4E8E1C}.Release|Any CPU.ActiveCfg = Release|Any CPU
		{129F86D3-54BF-40B9-ABCB-2BEB5B4E8E1C}.Release|Any CPU.Build.0 = Release|Any CPU
	EndGlobalSection
	GlobalSection(SolutionProperties) = preSolution
		HideSolutionNode = FALSE
	EndGlobalSection
	GlobalSection(ExtensibilityGlobals) = postSolution
		SolutionGuid = {6CF12FC9-38E4-40E3-B29F-8F63FDA7365F}
	EndGlobalSection
EndGlobal
